
Microsoft Visual Studio Solution File, Format Version 12.00
# Visual Studio Version 16
VisualStudioVersion = 16.0.32510.428
MinimumVisualStudioVersion = 10.0.40219.1
Project("{FAE04EC0-301F-11D3-BF4B-00C04F79EFBC}") = "EmployeeManagement", "EmployeeManagement\EmployeeManagement.csproj", "{C313F7B1-9018-4C70-8BC0-7BEEBC5BD1AF}"
EndProject
Global
	GlobalSection(SolutionConfigurationPlatforms) = preSolution
		Debug|Any CPU = Debug|Any CPU
		Release|Any CPU = Release|Any CPU
	EndGlobalSection
	GlobalSection(ProjectConfigurationPlatforms) = postSolution
		{C313F7B1-9018-4C70-8BC0-7BEEBC5BD1AF}.Debug|Any CPU.ActiveCfg = Debug|Any CPU
		{C313F7B1-9018-4C70-8BC0-7BEEBC5BD1AF}.Debug|Any CPU.Build.0 = Debug|Any CPU
		{C313F7B1-9018-4C70-8BC0-7BEEBC5BD1AF}.Release|Any CPU.ActiveCfg = Release|Any CPU
		{C313F7B1-9018-4C70-8BC0-7BEEBC5BD1AF}.Release|Any CPU.Build.0 = Release|Any CPU
	EndGlobalSection
	GlobalSection(SolutionProperties) = preSolution
		HideSolutionNode = FALSE
	EndGlobalSection
	GlobalSection(ExtensibilityGlobals) = postSolution
		SolutionGuid = {5D69DA33-2676-423A-9B75-E45716ECF005}
	EndGlobalSection
EndGlobal
